
Microsoft Visual Studio Solution File, Format Version 12.00
# Visual Studio 14
VisualStudioVersion = 14.0.25420.1
MinimumVisualStudioVersion = 10.0.40219.1
Project("{FAE04EC0-301F-11D3-BF4B-00C04F79EFBC}") = "NeasEnergy.WPFClient", "WPFClient\NeasEnergy.WPFClient.csproj", "{EDE2CD68-9D86-46C5-8583-C79DF6184C59}"
	ProjectSection(ProjectDependencies) = postProject
		{8C835978-E249-4170-9E72-7476DA5ECFB3} = {8C835978-E249-4170-9E72-7476DA5ECFB3}
	EndProjectSection
EndProject
Project("{FAE04EC0-301F-11D3-BF4B-00C04F79EFBC}") = "NeasEnergy.WebApiService", "WebApiServer\NeasEnergy.WebApiService.csproj", "{8C835978-E249-4170-9E72-7476DA5ECFB3}"
	ProjectSection(ProjectDependencies) = postProject
		{56971B23-23B4-4D33-9481-4C0E11F850AD} = {56971B23-23B4-4D33-9481-4C0E11F850AD}
	EndProjectSection
EndProject
Project("{FAE04EC0-301F-11D3-BF4B-00C04F79EFBC}") = "NeasEnergy.WebApiService.Tests", "WebApiServer.Tests\NeasEnergy.WebApiService.Tests.csproj", "{90F3169C-007E-431A-B47D-7B8ECA69D055}"
EndProject
Project("{FAE04EC0-301F-11D3-BF4B-00C04F79EFBC}") = "NeasEnergy.AngularClient", "AngularClient\NeasEnergy.AngularClient.csproj", "{0549C808-9D24-42F9-AFD1-93DE702E28EB}"
	ProjectSection(ProjectDependencies) = postProject
		{8C835978-E249-4170-9E72-7476DA5ECFB3} = {8C835978-E249-4170-9E72-7476DA5ECFB3}
	EndProjectSection
EndProject
Project("{FAE04EC0-301F-11D3-BF4B-00C04F79EFBC}") = "NeasEnergy.Core", "NeasEnergy.Core\NeasEnergy.Core.csproj", "{56971B23-23B4-4D33-9481-4C0E11F850AD}"
EndProject
Project("{FAE04EC0-301F-11D3-BF4B-00C04F79EFBC}") = "NeasEnergy.Core.Tests", "NeasEnergy.Core.Tests\NeasEnergy.Core.Tests.csproj", "{EB6E126D-5A6D-47B3-A42F-AE918A352789}"
EndProject
Global
	GlobalSection(SolutionConfigurationPlatforms) = preSolution
		Debug|Any CPU = Debug|Any CPU
		Release|Any CPU = Release|Any CPU
	EndGlobalSection
	GlobalSection(ProjectConfigurationPlatforms) = postSolution
		{EDE2CD68-9D86-46C5-8583-C79DF6184C59}.Debug|Any CPU.ActiveCfg = Debug|Any CPU
		{EDE2CD68-9D86-46C5-8583-C79DF6184C59}.Debug|Any CPU.Build.0 = Debug|Any CPU
		{EDE2CD68-9D86-46C5-8583-C79DF6184C59}.Release|Any CPU.ActiveCfg = Release|Any CPU
		{EDE2CD68-9D86-46C5-8583-C79DF6184C59}.Release|Any CPU.Build.0 = Release|Any CPU
		{8C835978-E249-4170-9E72-7476DA5ECFB3}.Debug|Any CPU.ActiveCfg = Debug|Any CPU
		{8C835978-E249-4170-9E72-7476DA5ECFB3}.Debug|Any CPU.Build.0 = Debug|Any CPU
		{8C835978-E249-4170-9E72-7476DA5ECFB3}.Release|Any CPU.ActiveCfg = Release|Any CPU
		{8C835978-E249-4170-9E72-7476DA5ECFB3}.Release|Any CPU.Build.0 = Release|Any CPU
		{90F3169C-007E-431A-B47D-7B8ECA69D055}.Debug|Any CPU.ActiveCfg = Debug|Any CPU
		{90F3169C-007E-431A-B47D-7B8ECA69D055}.Debug|Any CPU.Build.0 = Debug|Any CPU
		{90F3169C-007E-431A-B47D-7B8ECA69D055}.Release|Any CPU.ActiveCfg = Release|Any CPU
		{90F3169C-007E-431A-B47D-7B8ECA69D055}.Release|Any CPU.Build.0 = Release|Any CPU
		{0549C808-9D24-42F9-AFD1-93DE702E28EB}.Debug|Any CPU.ActiveCfg = Debug|Any CPU
		{0549C808-9D24-42F9-AFD1-93DE702E28EB}.Debug|Any CPU.Build.0 = Debug|Any CPU
		{0549C808-9D24-42F9-AFD1-93DE702E28EB}.Release|Any CPU.ActiveCfg = Release|Any CPU
		{0549C808-9D24-42F9-AFD1-93DE702E28EB}.Release|Any CPU.Build.0 = Release|Any CPU
		{56971B23-23B4-4D33-9481-4C0E11F850AD}.Debug|Any CPU.ActiveCfg = Debug|Any CPU
		{56971B23-23B4-4D33-9481-4C0E11F850AD}.Debug|Any CPU.Build.0 = Debug|Any CPU
		{56971B23-23B4-4D33-9481-4C0E11F850AD}.Release|Any CPU.ActiveCfg = Release|Any CPU
		{56971B23-23B4-4D33-9481-4C0E11F850AD}.Release|Any CPU.Build.0 = Release|Any CPU
		{EB6E126D-5A6D-47B3-A42F-AE918A352789}.Debug|Any CPU.ActiveCfg = Debug|Any CPU
		{EB6E126D-5A6D-47B3-A42F-AE918A352789}.Debug|Any CPU.Build.0 = Debug|Any CPU
		{EB6E126D-5A6D-47B3-A42F-AE918A352789}.Release|Any CPU.ActiveCfg = Release|Any CPU
		{EB6E126D-5A6D-47B3-A42F-AE918A352789}.Release|Any CPU.Build.0 = Release|Any CPU
	EndGlobalSection
	GlobalSection(SolutionProperties) = preSolution
		HideSolutionNode = FALSE
	EndGlobalSection
EndGlobal
